
Microsoft Visual Studio Solution File, Format Version 12.00
# Visual Studio Version 17
VisualStudioVersion = 17.0.31903.59
MinimumVisualStudioVersion = 10.0.40219.1
Project("{FAE04EC0-301F-11D3-BF4B-00C04F79EFBC}") = "Kertscher.RabbitMq.Rpc", "Kertscher.RabbitMq.Rpc\Kertscher.RabbitMq.Rpc.csproj", "{BF287B87-F7CB-4C32-A999-081762C89651}"
EndProject
Project("{FAE04EC0-301F-11D3-BF4B-00C04F79EFBC}") = "Kertscher.RabbitMq.Worker", "Kertscher.RabbitMq.Worker\Kertscher.RabbitMq.Worker.csproj", "{F302A63B-0D14-495A-98E2-A7714DD66AB5}"
EndProject
Project("{FAE04EC0-301F-11D3-BF4B-00C04F79EFBC}") = "Kertscher.RabbitMq.Rpc.Tests", "Kertscher.RabbitMq.Rpc.Tests\Kertscher.RabbitMq.Rpc.Tests.csproj", "{F4761B4B-1246-4587-82A2-7E858D069EED}"
EndProject
Global
	GlobalSection(SolutionConfigurationPlatforms) = preSolution
		Debug|Any CPU = Debug|Any CPU
		Release|Any CPU = Release|Any CPU
	EndGlobalSection
	GlobalSection(SolutionProperties) = preSolution
		HideSolutionNode = FALSE
	EndGlobalSection
	GlobalSection(ProjectConfigurationPlatforms) = postSolution
		{BF287B87-F7CB-4C32-A999-081762C89651}.Debug|Any CPU.ActiveCfg = Debug|Any CPU
		{BF287B87-F7CB-4C32-A999-081762C89651}.Debug|Any CPU.Build.0 = Debug|Any CPU
		{BF287B87-F7CB-4C32-A999-081762C89651}.Release|Any CPU.ActiveCfg = Release|Any CPU
		{BF287B87-F7CB-4C32-A999-081762C89651}.Release|Any CPU.Build.0 = Release|Any CPU
		{F302A63B-0D14-495A-98E2-A7714DD66AB5}.Debug|Any CPU.ActiveCfg = Debug|Any CPU
		{F302A63B-0D14-495A-98E2-A7714DD66AB5}.Debug|Any CPU.Build.0 = Debug|Any CPU
		{F302A63B-0D14-495A-98E2-A7714DD66AB5}.Release|Any CPU.ActiveCfg = Release|Any CPU
		{F302A63B-0D14-495A-98E2-A7714DD66AB5}.Release|Any CPU.Build.0 = Release|Any CPU
		{F4761B4B-1246-4587-82A2-7E858D069EED}.Debug|Any CPU.ActiveCfg = Debug|Any CPU
		{F4761B4B-1246-4587-82A2-7E858D069EED}.Debug|Any CPU.Build.0 = Debug|Any CPU
		{F4761B4B-1246-4587-82A2-7E858D069EED}.Release|Any CPU.ActiveCfg = Release|Any CPU
		{F4761B4B-1246-4587-82A2-7E858D069EED}.Release|Any CPU.Build.0 = Release|Any CPU
	EndGlobalSection
EndGlobal
